
Microsoft Visual Studio Solution File, Format Version 12.00
# Visual Studio Version 17
VisualStudioVersion = 17.1.32210.238
MinimumVisualStudioVersion = 10.0.40219.1
Project("{9A19103F-16F7-4668-BE54-9A1E7A4F7556}") = "ARS.ContractsTemplatingStore.Server", "ARS.ContractsTemplatingStore\Server\ARS.ContractsTemplatingStore.Server.csproj", "{1D01FC9E-D771-48AE-971C-1AB7C43B97A3}"
EndProject
Project("{9A19103F-16F7-4668-BE54-9A1E7A4F7556}") = "ARS.ContractsTemplatingStore.Client", "ARS.ContractsTemplatingStore\Client\ARS.ContractsTemplatingStore.Client.csproj", "{D60795CD-E5D0-41EE-B735-01A58A779564}"
EndProject
Project("{9A19103F-16F7-4668-BE54-9A1E7A4F7556}") = "ARS.ContractsTemplatingStore.Shared", "ARS.ContractsTemplatingStore\Shared\ARS.ContractsTemplatingStore.Shared.csproj", "{0CC39188-4CFA-4518-BE83-73B5E07F193A}"
EndProject
Global
	GlobalSection(SolutionConfigurationPlatforms) = preSolution
		Debug|Any CPU = Debug|Any CPU
		Release|Any CPU = Release|Any CPU
	EndGlobalSection
	GlobalSection(ProjectConfigurationPlatforms) = postSolution
		{1D01FC9E-D771-48AE-971C-1AB7C43B97A3}.Debug|Any CPU.ActiveCfg = Debug|Any CPU
		{1D01FC9E-D771-48AE-971C-1AB7C43B97A3}.Debug|Any CPU.Build.0 = Debug|Any CPU
		{1D01FC9E-D771-48AE-971C-1AB7C43B97A3}.Release|Any CPU.ActiveCfg = Release|Any CPU
		{1D01FC9E-D771-48AE-971C-1AB7C43B97A3}.Release|Any CPU.Build.0 = Release|Any CPU
		{D60795CD-E5D0-41EE-B735-01A58A779564}.Debug|Any CPU.ActiveCfg = Debug|Any CPU
		{D60795CD-E5D0-41EE-B735-01A58A779564}.Debug|Any CPU.Build.0 = Debug|Any CPU
		{D60795CD-E5D0-41EE-B735-01A58A779564}.Release|Any CPU.ActiveCfg = Release|Any CPU
		{D60795CD-E5D0-41EE-B735-01A58A779564}.Release|Any CPU.Build.0 = Release|Any CPU
		{0CC39188-4CFA-4518-BE83-73B5E07F193A}.Debug|Any CPU.ActiveCfg = Debug|Any CPU
		{0CC39188-4CFA-4518-BE83-73B5E07F193A}.Debug|Any CPU.Build.0 = Debug|Any CPU
		{0CC39188-4CFA-4518-BE83-73B5E07F193A}.Release|Any CPU.ActiveCfg = Release|Any CPU
		{0CC39188-4CFA-4518-BE83-73B5E07F193A}.Release|Any CPU.Build.0 = Release|Any CPU
	EndGlobalSection
	GlobalSection(SolutionProperties) = preSolution
		HideSolutionNode = FALSE
	EndGlobalSection
	GlobalSection(ExtensibilityGlobals) = postSolution
		SolutionGuid = {4CC2C9FE-915E-4C16-AAA1-C14D310F80A8}
	EndGlobalSection
EndGlobal
